// !$*UTF8*$!
{
	archiveVersion = 1;
	classes = {
	};
	objectVersion = 46;
	objects = {

/* Begin PBXBuildFile section */
		C42355C2FFE1B3846184E004 /* libPods.a in Frameworks */ = {isa = PBXBuildFile; fileRef = 2E7E02F2187A8A4A3C73F6C4 /* libPods.a */; };
		D2FE51C61A0521FD00C8CA3C /* ImageViewController.mm in Sources */ = {isa = PBXBuildFile; fileRef = D2FE51C41A0521FD00C8CA3C /* ImageViewController.mm */; };
		D2FE51C71A0521FD00C8CA3C /* ImageViewController.xib in Resources */ = {isa = PBXBuildFile; fileRef = D2FE51C51A0521FD00C8CA3C /* ImageViewController.xib */; };
		F810263819FDA30300B71EBE /* PatternDetector.cpp in Sources */ = {isa = PBXBuildFile; fileRef = F810263619FDA30300B71EBE /* PatternDetector.cpp */; };
		F810263C19FDA8DF00B71EBE /* Default.png in Resources */ = {isa = PBXBuildFile; fileRef = F810263919FDA8DF00B71EBE /* Default.png */; };
		F810263D19FDA8DF00B71EBE /* Default@2x.png in Resources */ = {isa = PBXBuildFile; fileRef = F810263A19FDA8DF00B71EBE /* Default@2x.png */; };
		F810263E19FDA8DF00B71EBE /* Default-568h@2x.png in Resources */ = {isa = PBXBuildFile; fileRef = F810263B19FDA8DF00B71EBE /* Default-568h@2x.png */; };
		F823FAED19FD3CE8005E053D /* main.m in Sources */ = {isa = PBXBuildFile; fileRef = F823FAEC19FD3CE8005E053D /* main.m */; };
		F823FAF019FD3CE8005E053D /* AppDelegate.m in Sources */ = {isa = PBXBuildFile; fileRef = F823FAEF19FD3CE8005E053D /* AppDelegate.m */; };
		F823FAF319FD3CE8005E053D /* BuilduingsRecognition.xcdatamodeld in Sources */ = {isa = PBXBuildFile; fileRef = F823FAF119FD3CE8005E053D /* BuilduingsRecognition.xcdatamodeld */; };
		F823FAF619FD3CE8005E053D /* CameraViewController.mm in Sources */ = {isa = PBXBuildFile; fileRef = F823FAF519FD3CE8005E053D /* CameraViewController.mm */; };
		F823FAF919FD3CE8005E053D /* Main.storyboard in Resources */ = {isa = PBXBuildFile; fileRef = F823FAF719FD3CE8005E053D /* Main.storyboard */; };
		F823FAFB19FD3CE8005E053D /* Images.xcassets in Resources */ = {isa = PBXBuildFile; fileRef = F823FAFA19FD3CE8005E053D /* Images.xcassets */; };
		F823FAFE19FD3CE8005E053D /* LaunchScreen.xib in Resources */ = {isa = PBXBuildFile; fileRef = F823FAFC19FD3CE8005E053D /* LaunchScreen.xib */; };
		F823FB0A19FD3CE8005E053D /* BuilduingsRecognitionTests.m in Sources */ = {isa = PBXBuildFile; fileRef = F823FB0919FD3CE8005E053D /* BuilduingsRecognitionTests.m */; };
		F823FB1B19FD3F78005E053D /* UIImage+OpenCVConvertor.mm in Sources */ = {isa = PBXBuildFile; fileRef = F823FB1719FD3F78005E053D /* UIImage+OpenCVConvertor.mm */; };
		F823FB1C19FD3F78005E053D /* VideoSource.mm in Sources */ = {isa = PBXBuildFile; fileRef = F823FB1A19FD3F78005E053D /* VideoSource.mm */; };
		F823FB1E19FD3FC7005E053D /* Accelerate.framework in Frameworks */ = {isa = PBXBuildFile; fileRef = F823FB1D19FD3FC7005E053D /* Accelerate.framework */; };
		F823FB2019FD3FCD005E053D /* AVFoundation.framework in Frameworks */ = {isa = PBXBuildFile; fileRef = F823FB1F19FD3FCD005E053D /* AVFoundation.framework */; };
		F823FB2219FD3FDE005E053D /* libPods-OpenCV.a in Frameworks */ = {isa = PBXBuildFile; fileRef = F823FB2119FD3FDE005E053D /* libPods-OpenCV.a */; };
		F823FB2419FD3FF4005E053D /* CoreGraphics.framework in Frameworks */ = {isa = PBXBuildFile; fileRef = F823FB2319FD3FF4005E053D /* CoreGraphics.framework */; };
		F823FB2619FD3FFA005E053D /* Foundation.framework in Frameworks */ = {isa = PBXBuildFile; fileRef = F823FB2519FD3FFA005E053D /* Foundation.framework */; };
		F823FB2819FD4005005E053D /* UIKit.framework in Frameworks */ = {isa = PBXBuildFile; fileRef = F823FB2719FD4005005E053D /* UIKit.framework */; };
		F823FB2C19FD40A7005E053D /* CameraViewController.xib in Resources */ = {isa = PBXBuildFile; fileRef = F823FB2B19FD40A7005E053D /* CameraViewController.xib */; };
		F8B7B7C61A0AA0EB00F2B8CB /* FINavigationViewController.m in Sources */ = {isa = PBXBuildFile; fileRef = F8B7B7BF1A0AA0EB00F2B8CB /* FINavigationViewController.m */; };
		F8B7B7C71A0AA0EB00F2B8CB /* FISlidingMenuItem.m in Sources */ = {isa = PBXBuildFile; fileRef = F8B7B7C11A0AA0EB00F2B8CB /* FISlidingMenuItem.m */; };
		F8B7B7C81A0AA0EB00F2B8CB /* MenuViewController.m in Sources */ = {isa = PBXBuildFile; fileRef = F8B7B7C31A0AA0EB00F2B8CB /* MenuViewController.m */; };
		F8B7B7C91A0AA0EB00F2B8CB /* SMSlidingViewController.m in Sources */ = {isa = PBXBuildFile; fileRef = F8B7B7C51A0AA0EB00F2B8CB /* SMSlidingViewController.m */; };
		F8B7B7CD1A0AA2CD00F2B8CB /* CameraPreViewController.m in Sources */ = {isa = PBXBuildFile; fileRef = F8B7B7CC1A0AA2CD00F2B8CB /* CameraPreViewController.m */; };
/* End PBXBuildFile section */

/* Begin PBXContainerItemProxy section */
		F823FB0419FD3CE8005E053D /* PBXContainerItemProxy */ = {
			isa = PBXContainerItemProxy;
			containerPortal = F823FADF19FD3CE8005E053D /* Project object */;
			proxyType = 1;
			remoteGlobalIDString = F823FAE619FD3CE8005E053D;
			remoteInfo = BuilduingsRecognition;
		};
/* End PBXContainerItemProxy section */

/* Begin PBXFileReference section */
		2706273F269AF7A62182EEDA /* Pods.release.xcconfig */ = {isa = PBXFileReference; includeInIndex = 1; lastKnownFileType = text.xcconfig; name = Pods.release.xcconfig; path = "Pods/Target Support Files/Pods/Pods.release.xcconfig"; sourceTree = "<group>"; };
		2E7E02F2187A8A4A3C73F6C4 /* libPods.a */ = {isa = PBXFileReference; explicitFileType = archive.ar; includeInIndex = 0; path = libPods.a; sourceTree = BUILT_PRODUCTS_DIR; };
		AAD6BD87000765FC51874BB2 /* Pods.debug.xcconfig */ = {isa = PBXFileReference; includeInIndex = 1; lastKnownFileType = text.xcconfig; name = Pods.debug.xcconfig; path = "Pods/Target Support Files/Pods/Pods.debug.xcconfig"; sourceTree = "<group>"; };
		D2FE51C31A0521FD00C8CA3C /* ImageViewController.h */ = {isa = PBXFileReference; fileEncoding = 4; lastKnownFileType = sourcecode.c.h; path = ImageViewController.h; sourceTree = "<group>"; };
		D2FE51C41A0521FD00C8CA3C /* ImageViewController.mm */ = {isa = PBXFileReference; fileEncoding = 4; lastKnownFileType = sourcecode.cpp.objcpp; path = ImageViewController.mm; sourceTree = "<group>"; };
		D2FE51C51A0521FD00C8CA3C /* ImageViewController.xib */ = {isa = PBXFileReference; fileEncoding = 4; lastKnownFileType = file.xib; path = ImageViewController.xib; sourceTree = "<group>"; };
		F810263619FDA30300B71EBE /* PatternDetector.cpp */ = {isa = PBXFileReference; fileEncoding = 4; lastKnownFileType = sourcecode.cpp.cpp; path = PatternDetector.cpp; sourceTree = "<group>"; };
		F810263719FDA30300B71EBE /* PatternDetector.h */ = {isa = PBXFileReference; fileEncoding = 4; lastKnownFileType = sourcecode.c.h; path = PatternDetector.h; sourceTree = "<group>"; };
		F810263919FDA8DF00B71EBE /* Default.png */ = {isa = PBXFileReference; lastKnownFileType = image.png; path = Default.png; sourceTree = "<group>"; };
		F810263A19FDA8DF00B71EBE /* Default@2x.png */ = {isa = PBXFileReference; lastKnownFileType = image.png; path = "Default@2x.png"; sourceTree = "<group>"; };
		F810263B19FDA8DF00B71EBE /* Default-568h@2x.png */ = {isa = PBXFileReference; lastKnownFileType = image.png; path = "Default-568h@2x.png"; sourceTree = "<group>"; };
		F823FAE719FD3CE8005E053D /* ObjectRecognition.app */ = {isa = PBXFileReference; explicitFileType = wrapper.application; includeInIndex = 0; path = ObjectRecognition.app; sourceTree = BUILT_PRODUCTS_DIR; };
		F823FAEB19FD3CE8005E053D /* Info.plist */ = {isa = PBXFileReference; lastKnownFileType = text.plist.xml; path = Info.plist; sourceTree = "<group>"; };
		F823FAEC19FD3CE8005E053D /* main.m */ = {isa = PBXFileReference; lastKnownFileType = sourcecode.c.objc; path = main.m; sourceTree = "<group>"; };
		F823FAEE19FD3CE8005E053D /* AppDelegate.h */ = {isa = PBXFileReference; lastKnownFileType = sourcecode.c.h; path = AppDelegate.h; sourceTree = "<group>"; };
		F823FAEF19FD3CE8005E053D /* AppDelegate.m */ = {isa = PBXFileReference; lastKnownFileType = sourcecode.c.objc; path = AppDelegate.m; sourceTree = "<group>"; };
		F823FAF219FD3CE8005E053D /* BuilduingsRecognition.xcdatamodel */ = {isa = PBXFileReference; lastKnownFileType = wrapper.xcdatamodel; path = BuilduingsRecognition.xcdatamodel; sourceTree = "<group>"; };
		F823FAF419FD3CE8005E053D /* CameraViewController.h */ = {isa = PBXFileReference; lastKnownFileType = sourcecode.c.h; path = CameraViewController.h; sourceTree = "<group>"; };
		F823FAF519FD3CE8005E053D /* CameraViewController.mm */ = {isa = PBXFileReference; lastKnownFileType = sourcecode.cpp.objcpp; path = CameraViewController.mm; sourceTree = "<group>"; };
		F823FAF819FD3CE8005E053D /* Base */ = {isa = PBXFileReference; lastKnownFileType = file.storyboard; name = Base; path = Base.lproj/Main.storyboard; sourceTree = "<group>"; };
		F823FAFA19FD3CE8005E053D /* Images.xcassets */ = {isa = PBXFileReference; lastKnownFileType = folder.assetcatalog; path = Images.xcassets; sourceTree = "<group>"; };
		F823FAFD19FD3CE8005E053D /* Base */ = {isa = PBXFileReference; lastKnownFileType = file.xib; name = Base; path = Base.lproj/LaunchScreen.xib; sourceTree = "<group>"; };
		F823FB0319FD3CE8005E053D /* ObjectRecognitionTests.xctest */ = {isa = PBXFileReference; explicitFileType = wrapper.cfbundle; includeInIndex = 0; path = ObjectRecognitionTests.xctest; sourceTree = BUILT_PRODUCTS_DIR; };
		F823FB0819FD3CE8005E053D /* Info.plist */ = {isa = PBXFileReference; lastKnownFileType = text.plist.xml; path = Info.plist; sourceTree = "<group>"; };
		F823FB0919FD3CE8005E053D /* BuilduingsRecognitionTests.m */ = {isa = PBXFileReference; lastKnownFileType = sourcecode.c.objc; path = BuilduingsRecognitionTests.m; sourceTree = "<group>"; };
		F823FB1419FD3F14005E053D /* BuildingsRecognition-Prefix.pch */ = {isa = PBXFileReference; fileEncoding = 4; lastKnownFileType = sourcecode.c.h; path = "BuildingsRecognition-Prefix.pch"; sourceTree = "<group>"; };
		F823FB1519FD3F78005E053D /* CameraCalibration.h */ = {isa = PBXFileReference; fileEncoding = 4; lastKnownFileType = sourcecode.c.h; path = CameraCalibration.h; sourceTree = "<group>"; };
		F823FB1619FD3F78005E053D /* UIImage+OpenCVConvertor.h */ = {isa = PBXFileReference; fileEncoding = 4; lastKnownFileType = sourcecode.c.h; path = "UIImage+OpenCVConvertor.h"; sourceTree = "<group>"; };
		F823FB1719FD3F78005E053D /* UIImage+OpenCVConvertor.mm */ = {isa = PBXFileReference; fileEncoding = 4; lastKnownFileType = sourcecode.cpp.objcpp; path = "UIImage+OpenCVConvertor.mm"; sourceTree = "<group>"; };
		F823FB1819FD3F78005E053D /* VideoFrame.h */ = {isa = PBXFileReference; fileEncoding = 4; lastKnownFileType = sourcecode.c.h; path = VideoFrame.h; sourceTree = "<group>"; };
		F823FB1919FD3F78005E053D /* VideoSource.h */ = {isa = PBXFileReference; fileEncoding = 4; lastKnownFileType = sourcecode.c.h; path = VideoSource.h; sourceTree = "<group>"; };
		F823FB1A19FD3F78005E053D /* VideoSource.mm */ = {isa = PBXFileReference; fileEncoding = 4; lastKnownFileType = sourcecode.cpp.objcpp; path = VideoSource.mm; sourceTree = "<group>"; };
		F823FB1D19FD3FC7005E053D /* Accelerate.framework */ = {isa = PBXFileReference; lastKnownFileType = wrapper.framework; name = Accelerate.framework; path = System/Library/Frameworks/Accelerate.framework; sourceTree = SDKROOT; };
		F823FB1F19FD3FCD005E053D /* AVFoundation.framework */ = {isa = PBXFileReference; lastKnownFileType = wrapper.framework; name = AVFoundation.framework; path = System/Library/Frameworks/AVFoundation.framework; sourceTree = SDKROOT; };
		F823FB2119FD3FDE005E053D /* libPods-OpenCV.a */ = {isa = PBXFileReference; lastKnownFileType = archive.ar; name = "libPods-OpenCV.a"; path = "Pods/build/Debug-iphoneos/libPods-OpenCV.a"; sourceTree = "<group>"; };
		F823FB2319FD3FF4005E053D /* CoreGraphics.framework */ = {isa = PBXFileReference; lastKnownFileType = wrapper.framework; name = CoreGraphics.framework; path = System/Library/Frameworks/CoreGraphics.framework; sourceTree = SDKROOT; };
		F823FB2519FD3FFA005E053D /* Foundation.framework */ = {isa = PBXFileReference; lastKnownFileType = wrapper.framework; name = Foundation.framework; path = System/Library/Frameworks/Foundation.framework; sourceTree = SDKROOT; };
		F823FB2719FD4005005E053D /* UIKit.framework */ = {isa = PBXFileReference; lastKnownFileType = wrapper.framework; name = UIKit.framework; path = System/Library/Frameworks/UIKit.framework; sourceTree = SDKROOT; };
		F823FB2B19FD40A7005E053D /* CameraViewController.xib */ = {isa = PBXFileReference; fileEncoding = 4; lastKnownFileType = file.xib; path = CameraViewController.xib; sourceTree = "<group>"; };
		F8B7B7BE1A0AA0EB00F2B8CB /* FINavigationViewController.h */ = {isa = PBXFileReference; fileEncoding = 4; lastKnownFileType = sourcecode.c.h; path = FINavigationViewController.h; sourceTree = "<group>"; };
		F8B7B7BF1A0AA0EB00F2B8CB /* FINavigationViewController.m */ = {isa = PBXFileReference; fileEncoding = 4; lastKnownFileType = sourcecode.c.objc; path = FINavigationViewController.m; sourceTree = "<group>"; };
		F8B7B7C01A0AA0EB00F2B8CB /* FISlidingMenuItem.h */ = {isa = PBXFileReference; fileEncoding = 4; lastKnownFileType = sourcecode.c.h; path = FISlidingMenuItem.h; sourceTree = "<group>"; };
		F8B7B7C11A0AA0EB00F2B8CB /* FISlidingMenuItem.m */ = {isa = PBXFileReference; fileEncoding = 4; lastKnownFileType = sourcecode.c.objc; path = FISlidingMenuItem.m; sourceTree = "<group>"; };
		F8B7B7C21A0AA0EB00F2B8CB /* MenuViewController.h */ = {isa = PBXFileReference; fileEncoding = 4; lastKnownFileType = sourcecode.c.h; path = MenuViewController.h; sourceTree = "<group>"; };
		F8B7B7C31A0AA0EB00F2B8CB /* MenuViewController.m */ = {isa = PBXFileReference; fileEncoding = 4; lastKnownFileType = sourcecode.c.objc; path = MenuViewController.m; sourceTree = "<group>"; };
		F8B7B7C41A0AA0EB00F2B8CB /* SMSlidingViewController.h */ = {isa = PBXFileReference; fileEncoding = 4; lastKnownFileType = sourcecode.c.h; path = SMSlidingViewController.h; sourceTree = "<group>"; };
		F8B7B7C51A0AA0EB00F2B8CB /* SMSlidingViewController.m */ = {isa = PBXFileReference; fileEncoding = 4; lastKnownFileType = sourcecode.c.objc; path = SMSlidingViewController.m; sourceTree = "<group>"; };
		F8B7B7CA1A0AA25500F2B8CB /* Globals.h */ = {isa = PBXFileReference; fileEncoding = 4; lastKnownFileType = sourcecode.c.h; path = Globals.h; sourceTree = "<group>"; };
		F8B7B7CB1A0AA2CD00F2B8CB /* CameraPreViewController.h */ = {isa = PBXFileReference; fileEncoding = 4; lastKnownFileType = sourcecode.c.h; path = CameraPreViewController.h; sourceTree = "<group>"; };
		F8B7B7CC1A0AA2CD00F2B8CB /* CameraPreViewController.m */ = {isa = PBXFileReference; fileEncoding = 4; lastKnownFileType = sourcecode.c.objc; path = CameraPreViewController.m; sourceTree = "<group>"; };
/* End PBXFileReference section */

/* Begin PBXFrameworksBuildPhase section */
		F823FAE419FD3CE8005E053D /* Frameworks */ = {
			isa = PBXFrameworksBuildPhase;
			buildActionMask = 2147483647;
			files = (
				F823FB2819FD4005005E053D /* UIKit.framework in Frameworks */,
				F823FB2619FD3FFA005E053D /* Foundation.framework in Frameworks */,
				F823FB2419FD3FF4005E053D /* CoreGraphics.framework in Frameworks */,
				F823FB2219FD3FDE005E053D /* libPods-OpenCV.a in Frameworks */,
				F823FB2019FD3FCD005E053D /* AVFoundation.framework in Frameworks */,
				F823FB1E19FD3FC7005E053D /* Accelerate.framework in Frameworks */,
				C42355C2FFE1B3846184E004 /* libPods.a in Frameworks */,
			);
			runOnlyForDeploymentPostprocessing = 0;
		};
		F823FB0019FD3CE8005E053D /* Frameworks */ = {
			isa = PBXFrameworksBuildPhase;
			buildActionMask = 2147483647;
			files = (
			);
			runOnlyForDeploymentPostprocessing = 0;
		};
/* End PBXFrameworksBuildPhase section */

/* Begin PBXGroup section */
		8B535080D1880D7E5AE10AEF /* Frameworks */ = {
			isa = PBXGroup;
			children = (
				F823FB2719FD4005005E053D /* UIKit.framework */,
				F823FB2519FD3FFA005E053D /* Foundation.framework */,
				F823FB2319FD3FF4005E053D /* CoreGraphics.framework */,
				F823FB2119FD3FDE005E053D /* libPods-OpenCV.a */,
				F823FB1F19FD3FCD005E053D /* AVFoundation.framework */,
				F823FB1D19FD3FC7005E053D /* Accelerate.framework */,
				2E7E02F2187A8A4A3C73F6C4 /* libPods.a */,
			);
			name = Frameworks;
			sourceTree = "<group>";
		};
		D0E1F84A17E09AE0F98F8663 /* Pods */ = {
			isa = PBXGroup;
			children = (
				AAD6BD87000765FC51874BB2 /* Pods.debug.xcconfig */,
				2706273F269AF7A62182EEDA /* Pods.release.xcconfig */,
			);
			name = Pods;
			sourceTree = "<group>";
		};
		F810263419FD9F0B00B71EBE /* ViewControllers */ = {
			isa = PBXGroup;
			children = (
				F823FAF419FD3CE8005E053D /* CameraViewController.h */,
				F823FAF519FD3CE8005E053D /* CameraViewController.mm */,
				F823FB2B19FD40A7005E053D /* CameraViewController.xib */,
				D2FE51C31A0521FD00C8CA3C /* ImageViewController.h */,
				D2FE51C41A0521FD00C8CA3C /* ImageViewController.mm */,
				D2FE51C51A0521FD00C8CA3C /* ImageViewController.xib */,
			);
			name = ViewControllers;
			sourceTree = "<group>";
		};
		F810263519FDA2F300B71EBE /* Detector */ = {
			isa = PBXGroup;
			children = (
				F823FB1619FD3F78005E053D /* UIImage+OpenCVConvertor.h */,
				F823FB1719FD3F78005E053D /* UIImage+OpenCVConvertor.mm */,
				F810263619FDA30300B71EBE /* PatternDetector.cpp */,
				F810263719FDA30300B71EBE /* PatternDetector.h */,
			);
			name = Detector;
			sourceTree = "<group>";
		};
		F823FADE19FD3CE8005E053D = {
			isa = PBXGroup;
			children = (
				F823FAE919FD3CE8005E053D /* BuilduingsRecognition */,
				F823FB0619FD3CE8005E053D /* BuilduingsRecognitionTests */,
				F823FAE819FD3CE8005E053D /* Products */,
				D0E1F84A17E09AE0F98F8663 /* Pods */,
				8B535080D1880D7E5AE10AEF /* Frameworks */,
			);
			sourceTree = "<group>";
		};
		F823FAE819FD3CE8005E053D /* Products */ = {
			isa = PBXGroup;
			children = (
				F823FAE719FD3CE8005E053D /* ObjectRecognition.app */,
				F823FB0319FD3CE8005E053D /* ObjectRecognitionTests.xctest */,
			);
			name = Products;
			sourceTree = "<group>";
		};
		F823FAE919FD3CE8005E053D /* BuilduingsRecognition */ = {
			isa = PBXGroup;
			children = (
				F823FAEE19FD3CE8005E053D /* AppDelegate.h */,
				F823FAEF19FD3CE8005E053D /* AppDelegate.m */,
				F810263419FD9F0B00B71EBE /* ViewControllers */,
				F823FB1519FD3F78005E053D /* CameraCalibration.h */,
				F8B7B7BD1A0AA0CD00F2B8CB /* SlidingMenu */,
				F810263519FDA2F300B71EBE /* Detector */,
				F823FB1819FD3F78005E053D /* VideoFrame.h */,
				F823FB1919FD3F78005E053D /* VideoSource.h */,
				F823FB1A19FD3F78005E053D /* VideoSource.mm */,
				F823FAF719FD3CE8005E053D /* Main.storyboard */,
				F823FAFA19FD3CE8005E053D /* Images.xcassets */,
				F823FAFC19FD3CE8005E053D /* LaunchScreen.xib */,
				F823FAF119FD3CE8005E053D /* BuilduingsRecognition.xcdatamodeld */,
				F823FAEA19FD3CE8005E053D /* Supporting Files */,
			);
			path = BuilduingsRecognition;
			sourceTree = "<group>";
		};
		F823FAEA19FD3CE8005E053D /* Supporting Files */ = {
			isa = PBXGroup;
			children = (
				F8B7B7CA1A0AA25500F2B8CB /* Globals.h */,
				F810263919FDA8DF00B71EBE /* Default.png */,
				F810263A19FDA8DF00B71EBE /* Default@2x.png */,
				F810263B19FDA8DF00B71EBE /* Default-568h@2x.png */,
				F823FAEB19FD3CE8005E053D /* Info.plist */,
				F823FB1419FD3F14005E053D /* BuildingsRecognition-Prefix.pch */,
				F823FAEC19FD3CE8005E053D /* main.m */,
			);
			name = "Supporting Files";
			sourceTree = "<group>";
		};
		F823FB0619FD3CE8005E053D /* BuilduingsRecognitionTests */ = {
			isa = PBXGroup;
			children = (
				F823FB0919FD3CE8005E053D /* BuilduingsRecognitionTests.m */,
				F823FB0719FD3CE8005E053D /* Supporting Files */,
			);
			path = BuilduingsRecognitionTests;
			sourceTree = "<group>";
		};
		F823FB0719FD3CE8005E053D /* Supporting Files */ = {
			isa = PBXGroup;
			children = (
				F823FB0819FD3CE8005E053D /* Info.plist */,
			);
			name = "Supporting Files";
			sourceTree = "<group>";
		};
		F8B7B7BD1A0AA0CD00F2B8CB /* SlidingMenu */ = {
			isa = PBXGroup;
			children = (
				F8B7B7CB1A0AA2CD00F2B8CB /* CameraPreViewController.h */,
				F8B7B7CC1A0AA2CD00F2B8CB /* CameraPreViewController.m */,
				F8B7B7BE1A0AA0EB00F2B8CB /* FINavigationViewController.h */,
				F8B7B7BF1A0AA0EB00F2B8CB /* FINavigationViewController.m */,
				F8B7B7C01A0AA0EB00F2B8CB /* FISlidingMenuItem.h */,
				F8B7B7C11A0AA0EB00F2B8CB /* FISlidingMenuItem.m */,
				F8B7B7C21A0AA0EB00F2B8CB /* MenuViewController.h */,
				F8B7B7C31A0AA0EB00F2B8CB /* MenuViewController.m */,
				F8B7B7C41A0AA0EB00F2B8CB /* SMSlidingViewController.h */,
				F8B7B7C51A0AA0EB00F2B8CB /* SMSlidingViewController.m */,
			);
			name = SlidingMenu;
			sourceTree = "<group>";
		};
/* End PBXGroup section */

/* Begin PBXNativeTarget section */
		F823FAE619FD3CE8005E053D /* ObjectRecognition */ = {
			isa = PBXNativeTarget;
			buildConfigurationList = F823FB0D19FD3CE8005E053D /* Build configuration list for PBXNativeTarget "ObjectRecognition" */;
			buildPhases = (
				09A91D2918AAA41C7334560A /* Check Pods Manifest.lock */,
				F823FAE319FD3CE8005E053D /* Sources */,
				F823FAE419FD3CE8005E053D /* Frameworks */,
				F823FAE519FD3CE8005E053D /* Resources */,
				92F5FE524E076D7F7E198879 /* Copy Pods Resources */,
			);
			buildRules = (
			);
			dependencies = (
			);
			name = ObjectRecognition;
			productName = BuilduingsRecognition;
			productReference = F823FAE719FD3CE8005E053D /* ObjectRecognition.app */;
			productType = "com.apple.product-type.application";
		};
		F823FB0219FD3CE8005E053D /* ObjectRecognitionTests */ = {
			isa = PBXNativeTarget;
			buildConfigurationList = F823FB1019FD3CE8005E053D /* Build configuration list for PBXNativeTarget "ObjectRecognitionTests" */;
			buildPhases = (
				F823FAFF19FD3CE8005E053D /* Sources */,
				F823FB0019FD3CE8005E053D /* Frameworks */,
				F823FB0119FD3CE8005E053D /* Resources */,
			);
			buildRules = (
			);
			dependencies = (
				F823FB0519FD3CE8005E053D /* PBXTargetDependency */,
			);
			name = ObjectRecognitionTests;
			productName = BuilduingsRecognitionTests;
			productReference = F823FB0319FD3CE8005E053D /* ObjectRecognitionTests.xctest */;
			productType = "com.apple.product-type.bundle.unit-test";
		};
/* End PBXNativeTarget section */

/* Begin PBXProject section */
		F823FADF19FD3CE8005E053D /* Project object */ = {
			isa = PBXProject;
			attributes = {
				LastUpgradeCheck = 0610;
				ORGANIZATIONNAME = "Silviu Ojog";
				TargetAttributes = {
					F823FAE619FD3CE8005E053D = {
						CreatedOnToolsVersion = 6.1;
						DevelopmentTeam = 5YMP9S8S26;
					};
					F823FB0219FD3CE8005E053D = {
						CreatedOnToolsVersion = 6.1;
						TestTargetID = F823FAE619FD3CE8005E053D;
					};
				};
			};
			buildConfigurationList = F823FAE219FD3CE8005E053D /* Build configuration list for PBXProject "ObjectRecognition" */;
			compatibilityVersion = "Xcode 3.2";
			developmentRegion = English;
			hasScannedForEncodings = 0;
			knownRegions = (
				en,
				Base,
			);
			mainGroup = F823FADE19FD3CE8005E053D;
			productRefGroup = F823FAE819FD3CE8005E053D /* Products */;
			projectDirPath = "";
			projectRoot = "";
			targets = (
				F823FAE619FD3CE8005E053D /* ObjectRecognition */,
				F823FB0219FD3CE8005E053D /* ObjectRecognitionTests */,
			);
		};
/* End PBXProject section */

/* Begin PBXResourcesBuildPhase section */
		F823FAE519FD3CE8005E053D /* Resources */ = {
			isa = PBXResourcesBuildPhase;
			buildActionMask = 2147483647;
			files = (
				F810263D19FDA8DF00B71EBE /* Default@2x.png in Resources */,
				F823FAF919FD3CE8005E053D /* Main.storyboard in Resources */,
				F823FB2C19FD40A7005E053D /* CameraViewController.xib in Resources */,
				F823FAFE19FD3CE8005E053D /* LaunchScreen.xib in Resources */,
				F823FAFB19FD3CE8005E053D /* Images.xcassets in Resources */,
				F810263E19FDA8DF00B71EBE /* Default-568h@2x.png in Resources */,
				D2FE51C71A0521FD00C8CA3C /* ImageViewController.xib in Resources */,
				F810263C19FDA8DF00B71EBE /* Default.png in Resources */,
			);
			runOnlyForDeploymentPostprocessing = 0;
		};
		F823FB0119FD3CE8005E053D /* Resources */ = {
			isa = PBXResourcesBuildPhase;
			buildActionMask = 2147483647;
			files = (
			);
			runOnlyForDeploymentPostprocessing = 0;
		};
/* End PBXResourcesBuildPhase section */

/* Begin PBXShellScriptBuildPhase section */
		09A91D2918AAA41C7334560A /* Check Pods Manifest.lock */ = {
			isa = PBXShellScriptBuildPhase;
			buildActionMask = 2147483647;
			files = (
			);
			inputPaths = (
			);
			name = "Check Pods Manifest.lock";
			outputPaths = (
			);
			runOnlyForDeploymentPostprocessing = 0;
			shellPath = /bin/sh;
			shellScript = "diff \"${PODS_ROOT}/../Podfile.lock\" \"${PODS_ROOT}/Manifest.lock\" > /dev/null\nif [[ $? != 0 ]] ; then\n    cat << EOM\nerror: The sandbox is not in sync with the Podfile.lock. Run 'pod install' or update your CocoaPods installation.\nEOM\n    exit 1\nfi\n";
			showEnvVarsInLog = 0;
		};
		92F5FE524E076D7F7E198879 /* Copy Pods Resources */ = {
			isa = PBXShellScriptBuildPhase;
			buildActionMask = 2147483647;
			files = (
			);
			inputPaths = (
			);
			name = "Copy Pods Resources";
			outputPaths = (
			);
			runOnlyForDeploymentPostprocessing = 0;
			shellPath = /bin/sh;
			shellScript = "\"${SRCROOT}/Pods/Target Support Files/Pods/Pods-resources.sh\"\n";
			showEnvVarsInLog = 0;
		};
/* End PBXShellScriptBuildPhase section */

/* Begin PBXSourcesBuildPhase section */
		F823FAE319FD3CE8005E053D /* Sources */ = {
			isa = PBXSourcesBuildPhase;
			buildActionMask = 2147483647;
			files = (
				F8B7B7CD1A0AA2CD00F2B8CB /* CameraPreViewController.m in Sources */,
				F823FAF019FD3CE8005E053D /* AppDelegate.m in Sources */,
				F810263819FDA30300B71EBE /* PatternDetector.cpp in Sources */,
				F823FAF319FD3CE8005E053D /* BuilduingsRecognition.xcdatamodeld in Sources */,
				F8B7B7C61A0AA0EB00F2B8CB /* FINavigationViewController.m in Sources */,
				F823FAF619FD3CE8005E053D /* CameraViewController.mm in Sources */,
				F8B7B7C91A0AA0EB00F2B8CB /* SMSlidingViewController.m in Sources */,
				F823FB1B19FD3F78005E053D /* UIImage+OpenCVConvertor.mm in Sources */,
				F823FB1C19FD3F78005E053D /* VideoSource.mm in Sources */,
				F8B7B7C71A0AA0EB00F2B8CB /* FISlidingMenuItem.m in Sources */,
				D2FE51C61A0521FD00C8CA3C /* ImageViewController.mm in Sources */,
				F8B7B7C81A0AA0EB00F2B8CB /* MenuViewController.m in Sources */,
				F823FAED19FD3CE8005E053D /* main.m in Sources */,
			);
			runOnlyForDeploymentPostprocessing = 0;
		};
		F823FAFF19FD3CE8005E053D /* Sources */ = {
			isa = PBXSourcesBuildPhase;
			buildActionMask = 2147483647;
			files = (
				F823FB0A19FD3CE8005E053D /* BuilduingsRecognitionTests.m in Sources */,
			);
			runOnlyForDeploymentPostprocessing = 0;
		};
/* End PBXSourcesBuildPhase section */

/* Begin PBXTargetDependency section */
		F823FB0519FD3CE8005E053D /* PBXTargetDependency */ = {
			isa = PBXTargetDependency;
			target = F823FAE619FD3CE8005E053D /* ObjectRecognition */;
			targetProxy = F823FB0419FD3CE8005E053D /* PBXContainerItemProxy */;
		};
/* End PBXTargetDependency section */

/* Begin PBXVariantGroup section */
		F823FAF719FD3CE8005E053D /* Main.storyboard */ = {
			isa = PBXVariantGroup;
			children = (
				F823FAF819FD3CE8005E053D /* Base */,
			);
			name = Main.storyboard;
			sourceTree = "<group>";
		};
		F823FAFC19FD3CE8005E053D /* LaunchScreen.xib */ = {
			isa = PBXVariantGroup;
			children = (
				F823FAFD19FD3CE8005E053D /* Base */,
			);
			name = LaunchScreen.xib;
			sourceTree = "<group>";
		};
/* End PBXVariantGroup section */

/* Begin XCBuildConfiguration section */
		F823FB0B19FD3CE8005E053D /* Debug */ = {
			isa = XCBuildConfiguration;
			buildSettings = {
				ALWAYS_SEARCH_USER_PATHS = NO;
				CLANG_CXX_LANGUAGE_STANDARD = "gnu++0x";
				CLANG_CXX_LIBRARY = "libc++";
				CLANG_ENABLE_MODULES = YES;
				CLANG_ENABLE_OBJC_ARC = YES;
				CLANG_WARN_BOOL_CONVERSION = YES;
				CLANG_WARN_CONSTANT_CONVERSION = YES;
				CLANG_WARN_DIRECT_OBJC_ISA_USAGE = YES_ERROR;
				CLANG_WARN_EMPTY_BODY = YES;
				CLANG_WARN_ENUM_CONVERSION = YES;
				CLANG_WARN_INT_CONVERSION = YES;
				CLANG_WARN_OBJC_ROOT_CLASS = YES_ERROR;
				CLANG_WARN_UNREACHABLE_CODE = YES;
				CLANG_WARN__DUPLICATE_METHOD_MATCH = YES;
				"CODE_SIGN_IDENTITY[sdk=iphoneos*]" = "iPhone Developer";
				COPY_PHASE_STRIP = NO;
				ENABLE_STRICT_OBJC_MSGSEND = YES;
				GCC_C_LANGUAGE_STANDARD = gnu99;
				GCC_DYNAMIC_NO_PIC = NO;
				GCC_OPTIMIZATION_LEVEL = 0;
				GCC_PREPROCESSOR_DEFINITIONS = (
					"DEBUG=1",
					"$(inherited)",
				);
				GCC_SYMBOLS_PRIVATE_EXTERN = NO;
				GCC_WARN_64_TO_32_BIT_CONVERSION = YES;
				GCC_WARN_ABOUT_RETURN_TYPE = YES_ERROR;
				GCC_WARN_UNDECLARED_SELECTOR = YES;
				GCC_WARN_UNINITIALIZED_AUTOS = YES_AGGRESSIVE;
				GCC_WARN_UNUSED_FUNCTION = YES;
				GCC_WARN_UNUSED_VARIABLE = YES;
				IPHONEOS_DEPLOYMENT_TARGET = 7.0;
				MTL_ENABLE_DEBUG_INFO = YES;
				ONLY_ACTIVE_ARCH = YES;
				SDKROOT = iphoneos;
				TARGETED_DEVICE_FAMILY = "1,2";
			};
			name = Debug;
		};
		F823FB0C19FD3CE8005E053D /* Release */ = {
			isa = XCBuildConfiguration;
			buildSettings = {
				ALWAYS_SEARCH_USER_PATHS = NO;
				CLANG_CXX_LANGUAGE_STANDARD = "gnu++0x";
				CLANG_CXX_LIBRARY = "libc++";
				CLANG_ENABLE_MODULES = YES;
				CLANG_ENABLE_OBJC_ARC = YES;
				CLANG_WARN_BOOL_CONVERSION = YES;
				CLANG_WARN_CONSTANT_CONVERSION = YES;
				CLANG_WARN_DIRECT_OBJC_ISA_USAGE = YES_ERROR;
				CLANG_WARN_EMPTY_BODY = YES;
				CLANG_WARN_ENUM_CONVERSION = YES;
				CLANG_WARN_INT_CONVERSION = YES;
				CLANG_WARN_OBJC_ROOT_CLASS = YES_ERROR;
				CLANG_WARN_UNREACHABLE_CODE = YES;
				CLANG_WARN__DUPLICATE_METHOD_MATCH = YES;
				"CODE_SIGN_IDENTITY[sdk=iphoneos*]" = "iPhone Developer";
				COPY_PHASE_STRIP = YES;
				ENABLE_NS_ASSERTIONS = NO;
				ENABLE_STRICT_OBJC_MSGSEND = YES;
				GCC_C_LANGUAGE_STANDARD = gnu99;
				GCC_WARN_64_TO_32_BIT_CONVERSION = YES;
				GCC_WARN_ABOUT_RETURN_TYPE = YES_ERROR;
				GCC_WARN_UNDECLARED_SELECTOR = YES;
				GCC_WARN_UNINITIALIZED_AUTOS = YES_AGGRESSIVE;
				GCC_WARN_UNUSED_FUNCTION = YES;
				GCC_WARN_UNUSED_VARIABLE = YES;
				IPHONEOS_DEPLOYMENT_TARGET = 7.0;
				MTL_ENABLE_DEBUG_INFO = NO;
				SDKROOT = iphoneos;
				TARGETED_DEVICE_FAMILY = "1,2";
				VALIDATE_PRODUCT = YES;
			};
			name = Release;
		};
		F823FB0E19FD3CE8005E053D /* Debug */ = {
			isa = XCBuildConfiguration;
			baseConfigurationReference = AAD6BD87000765FC51874BB2 /* Pods.debug.xcconfig */;
			buildSettings = {
				ASSETCATALOG_COMPILER_APPICON_NAME = AppIcon;
				CODE_SIGN_IDENTITY = "iPhone Developer";
				"CODE_SIGN_IDENTITY[sdk=iphoneos*]" = "iPhone Developer: Silviu Ojog (GZ82TFE5K6)";
				GCC_PREFIX_HEADER = "BuilduingsRecognition/ObjectRecognition-Prefix.pch";
				INFOPLIST_FILE = BuilduingsRecognition/Info.plist;
				IPHONEOS_DEPLOYMENT_TARGET = 7.0;
				LD_RUNPATH_SEARCH_PATHS = "$(inherited) @executable_path/Frameworks";
				LIBRARY_SEARCH_PATHS = (
					"$(inherited)",
					"$(PROJECT_DIR)/Pods/build/Debug-iphoneos",
				);
				PRODUCT_NAME = ObjectRecognition;
				PROVISIONING_PROFILE = "8139329a-abb2-40a2-83b8-375cde93edf5";
			};
			name = Debug;
		};
		F823FB0F19FD3CE8005E053D /* Release */ = {
			isa = XCBuildConfiguration;
			baseConfigurationReference = 2706273F269AF7A62182EEDA /* Pods.release.xcconfig */;
			buildSettings = {
				ASSETCATALOG_COMPILER_APPICON_NAME = AppIcon;
				CODE_SIGN_IDENTITY = "iPhone Developer";
				GCC_PREFIX_HEADER = "BuilduingsRecognition/ObjectRecognition-Prefix.pch";
				INFOPLIST_FILE = BuilduingsRecognition/Info.plist;
				IPHONEOS_DEPLOYMENT_TARGET = 7.0;
				LD_RUNPATH_SEARCH_PATHS = "$(inherited) @executable_path/Frameworks";
				LIBRARY_SEARCH_PATHS = (
					"$(inherited)",
					"$(PROJECT_DIR)/Pods/build/Debug-iphoneos",
				);
				PRODUCT_NAME = ObjectRecognition;
				PROVISIONING_PROFILE = "8139329a-abb2-40a2-83b8-375cde93edf5";
			};
			name = Release;
		};
		F823FB1119FD3CE8005E053D /* Debug */ = {
			isa = XCBuildConfiguration;
			buildSettings = {
				BUNDLE_LOADER = "$(TEST_HOST)";
				FRAMEWORK_SEARCH_PATHS = (
					"$(SDKROOT)/Developer/Library/Frameworks",
					"$(inherited)",
				);
				GCC_PREPROCESSOR_DEFINITIONS = (
					"DEBUG=1",
					"$(inherited)",
				);
				INFOPLIST_FILE = BuilduingsRecognitionTests/Info.plist;
				LD_RUNPATH_SEARCH_PATHS = "$(inherited) @executable_path/Frameworks @loader_path/Frameworks";
				PRODUCT_NAME = ObjectRecognitionTests;
				TEST_HOST = "$(BUILT_PRODUCTS_DIR)/BuilduingsRecognition.app/BuilduingsRecognition";
			};
			name = Debug;
		};
		F823FB1219FD3CE8005E053D /* Release */ = {
			isa = XCBuildConfiguration;
			buildSettings = {
				BUNDLE_LOADER = "$(TEST_HOST)";
				FRAMEWORK_SEARCH_PATHS = (
					"$(SDKROOT)/Developer/Library/Frameworks",
					"$(inherited)",
				);
				INFOPLIST_FILE = BuilduingsRecognitionTests/Info.plist;
				LD_RUNPATH_SEARCH_PATHS = "$(inherited) @executable_path/Frameworks @loader_path/Frameworks";
				PRODUCT_NAME = ObjectRecognitionTests;
				TEST_HOST = "$(BUILT_PRODUCTS_DIR)/BuilduingsRecognition.app/BuilduingsRecognition";
			};
			name = Release;
		};
/* End XCBuildConfiguration section */

/* Begin XCConfigurationList section */
		F823FAE219FD3CE8005E053D /* Build configuration list for PBXProject "ObjectRecognition" */ = {
			isa = XCConfigurationList;
			buildConfigurations = (
				F823FB0B19FD3CE8005E053D /* Debug */,
				F823FB0C19FD3CE8005E053D /* Release */,
			);
			defaultConfigurationIsVisible = 0;
			defaultConfigurationName = Release;
		};
		F823FB0D19FD3CE8005E053D /* Build configuration list for PBXNativeTarget "ObjectRecognition" */ = {
			isa = XCConfigurationList;
			buildConfigurations = (
				F823FB0E19FD3CE8005E053D /* Debug */,
				F823FB0F19FD3CE8005E053D /* Release */,
			);
			defaultConfigurationIsVisible = 0;
			defaultConfigurationName = Release;
		};
		F823FB1019FD3CE8005E053D /* Build configuration list for PBXNativeTarget "ObjectRecognitionTests" */ = {
			isa = XCConfigurationList;
			buildConfigurations = (
				F823FB1119FD3CE8005E053D /* Debug */,
				F823FB1219FD3CE8005E053D /* Release */,
			);
			defaultConfigurationIsVisible = 0;
			defaultConfigurationName = Release;
		};
/* End XCConfigurationList section */

/* Begin XCVersionGroup section */
		F823FAF119FD3CE8005E053D /* BuilduingsRecognition.xcdatamodeld */ = {
			isa = XCVersionGroup;
			children = (
				F823FAF219FD3CE8005E053D /* BuilduingsRecognition.xcdatamodel */,
			);
			currentVersion = F823FAF219FD3CE8005E053D /* BuilduingsRecognition.xcdatamodel */;
			path = BuilduingsRecognition.xcdatamodeld;
			sourceTree = "<group>";
			versionGroupType = wrapper.xcdatamodel;
		};
/* End XCVersionGroup section */
	};
	rootObject = F823FADF19FD3CE8005E053D /* Project object */;
}
